// !$*UTF8*$!
{
	archiveVersion = 1;
	classes = {
	};
	objectVersion = 50;
	objects = {

/* Begin PBXBuildFile section */
		2996686E20E8E9810022255C /* AppDelegate.swift in Sources */ = {isa = PBXBuildFile; fileRef = 2996686D20E8E9810022255C /* AppDelegate.swift */; };
		2996687020E8E9810022255C /* ViewController.swift in Sources */ = {isa = PBXBuildFile; fileRef = 2996686F20E8E9810022255C /* ViewController.swift */; };
		2996687320E8E9810022255C /* Main.storyboard in Resources */ = {isa = PBXBuildFile; fileRef = 2996687120E8E9810022255C /* Main.storyboard */; };
		2996687520E8E9850022255C /* Assets.xcassets in Resources */ = {isa = PBXBuildFile; fileRef = 2996687420E8E9850022255C /* Assets.xcassets */; };
		2996687820E8E9850022255C /* LaunchScreen.storyboard in Resources */ = {isa = PBXBuildFile; fileRef = 2996687620E8E9850022255C /* LaunchScreen.storyboard */; };
		2996688220E8EC3E0022255C /* media.scnassets in Resources */ = {isa = PBXBuildFile; fileRef = 2996688120E8EC3E0022255C /* media.scnassets */; };
		2996688C20E96A280022255C /* jump.mp3 in Resources */ = {isa = PBXBuildFile; fileRef = 2996688B20E96A280022255C /* jump.mp3 */; };
		F6886B0A8F9F5C96604B18F1 /* Pods_AR_Shooter.framework in Frameworks */ = {isa = PBXBuildFile; fileRef = 860448D01011C9F942B71C56 /* Pods_AR_Shooter.framework */; };
/* End PBXBuildFile section */

/* Begin PBXFileReference section */
		2996686A20E8E9810022255C /* AR-Shooter.app */ = {isa = PBXFileReference; explicitFileType = wrapper.application; includeInIndex = 0; path = "AR-Shooter.app"; sourceTree = BUILT_PRODUCTS_DIR; };
		2996686D20E8E9810022255C /* AppDelegate.swift */ = {isa = PBXFileReference; lastKnownFileType = sourcecode.swift; path = AppDelegate.swift; sourceTree = "<group>"; };
		2996686F20E8E9810022255C /* ViewController.swift */ = {isa = PBXFileReference; lastKnownFileType = sourcecode.swift; path = ViewController.swift; sourceTree = "<group>"; };
		2996687220E8E9810022255C /* Base */ = {isa = PBXFileReference; lastKnownFileType = file.storyboard; name = Base; path = Base.lproj/Main.storyboard; sourceTree = "<group>"; };
		2996687420E8E9850022255C /* Assets.xcassets */ = {isa = PBXFileReference; lastKnownFileType = folder.assetcatalog; path = Assets.xcassets; sourceTree = "<group>"; };
		2996687720E8E9850022255C /* Base */ = {isa = PBXFileReference; lastKnownFileType = file.storyboard; name = Base; path = Base.lproj/LaunchScreen.storyboard; sourceTree = "<group>"; };
		2996687920E8E9850022255C /* Info.plist */ = {isa = PBXFileReference; lastKnownFileType = text.plist.xml; path = Info.plist; sourceTree = "<group>"; };
		2996688120E8EC3E0022255C /* media.scnassets */ = {isa = PBXFileReference; lastKnownFileType = wrapper.scnassets; path = media.scnassets; sourceTree = "<group>"; };
		2996688B20E96A280022255C /* jump.mp3 */ = {isa = PBXFileReference; lastKnownFileType = audio.mp3; path = jump.mp3; sourceTree = "<group>"; };
		860448D01011C9F942B71C56 /* Pods_AR_Shooter.framework */ = {isa = PBXFileReference; explicitFileType = wrapper.framework; includeInIndex = 0; path = Pods_AR_Shooter.framework; sourceTree = BUILT_PRODUCTS_DIR; };
		9A38D040205BE03E92EAD14C /* Pods-AR-Shooter.debug.xcconfig */ = {isa = PBXFileReference; includeInIndex = 1; lastKnownFileType = text.xcconfig; name = "Pods-AR-Shooter.debug.xcconfig"; path = "Pods/Target Support Files/Pods-AR-Shooter/Pods-AR-Shooter.debug.xcconfig"; sourceTree = "<group>"; };
		F819ADC6046304BEDE556297 /* Pods-AR-Shooter.release.xcconfig */ = {isa = PBXFileReference; includeInIndex = 1; lastKnownFileType = text.xcconfig; name = "Pods-AR-Shooter.release.xcconfig"; path = "Pods/Target Support Files/Pods-AR-Shooter/Pods-AR-Shooter.release.xcconfig"; sourceTree = "<group>"; };
/* End PBXFileReference section */

/* Begin PBXFrameworksBuildPhase section */
		2996686720E8E9810022255C /* Frameworks */ = {
			isa = PBXFrameworksBuildPhase;
			buildActionMask = 2147483647;
			files = (
				F6886B0A8F9F5C96604B18F1 /* Pods_AR_Shooter.framework in Frameworks */,
			);
			runOnlyForDeploymentPostprocessing = 0;
		};
/* End PBXFrameworksBuildPhase section */

/* Begin PBXGroup section */
		2996686120E8E9810022255C = {
			isa = PBXGroup;
			children = (
				2996686C20E8E9810022255C /* AR-Shooter */,
				2996686B20E8E9810022255C /* Products */,
				4F2A9360B4357B0607E87AF2 /* Pods */,
				5388B31A374C928E773F041C /* Frameworks */,
			);
			sourceTree = "<group>";
		};
		2996686B20E8E9810022255C /* Products */ = {
			isa = PBXGroup;
			children = (
				2996686A20E8E9810022255C /* AR-Shooter.app */,
			);
			name = Products;
			sourceTree = "<group>";
		};
		2996686C20E8E9810022255C /* AR-Shooter */ = {
			isa = PBXGroup;
			children = (
				2996686D20E8E9810022255C /* AppDelegate.swift */,
				2996686F20E8E9810022255C /* ViewController.swift */,
				2996687120E8E9810022255C /* Main.storyboard */,
				2996687420E8E9850022255C /* Assets.xcassets */,
				2996687620E8E9850022255C /* LaunchScreen.storyboard */,
				2996687920E8E9850022255C /* Info.plist */,
				2996688B20E96A280022255C /* jump.mp3 */,
				2996688120E8EC3E0022255C /* media.scnassets */,
			);
			path = "AR-Shooter";
			sourceTree = "<group>";
		};
		4F2A9360B4357B0607E87AF2 /* Pods */ = {
			isa = PBXGroup;
			children = (
				9A38D040205BE03E92EAD14C /* Pods-AR-Shooter.debug.xcconfig */,
				F819ADC6046304BEDE556297 /* Pods-AR-Shooter.release.xcconfig */,
			);
			name = Pods;
			sourceTree = "<group>";
		};
		5388B31A374C928E773F041C /* Frameworks */ = {
			isa = PBXGroup;
			children = (
				860448D01011C9F942B71C56 /* Pods_AR_Shooter.framework */,
			);
			name = Frameworks;
			sourceTree = "<group>";
		};
/* End PBXGroup section */

/* Begin PBXNativeTarget section */
		2996686920E8E9810022255C /* AR-Shooter */ = {
			isa = PBXNativeTarget;
			buildConfigurationList = 2996687C20E8E9850022255C /* Build configuration list for PBXNativeTarget "AR-Shooter" */;
			buildPhases = (
				A04669939E9FE8CFE6095311 /* [CP] Check Pods Manifest.lock */,
				2996686620E8E9810022255C /* Sources */,
				2996686720E8E9810022255C /* Frameworks */,
				2996686820E8E9810022255C /* Resources */,
				894611BFDA7BCA3175B137A4 /* [CP] Embed Pods Frameworks */,
			);
			buildRules = (
			);
			dependencies = (
			);
			name = "AR-Shooter";
			productName = "AR-Shooter";
			productReference = 2996686A20E8E9810022255C /* AR-Shooter.app */;
			productType = "com.apple.product-type.application";
		};
/* End PBXNativeTarget section */

/* Begin PBXProject section */
		2996686220E8E9810022255C /* Project object */ = {
			isa = PBXProject;
			attributes = {
				LastSwiftUpdateCheck = 0940;
				LastUpgradeCheck = 0940;
				ORGANIZATIONNAME = "Martin Saporiti";
				TargetAttributes = {
					2996686920E8E9810022255C = {
						CreatedOnToolsVersion = 9.4;
					};
				};
			};
			buildConfigurationList = 2996686520E8E9810022255C /* Build configuration list for PBXProject "AR-Shooter" */;
			compatibilityVersion = "Xcode 9.3";
			developmentRegion = en;
			hasScannedForEncodings = 0;
			knownRegions = (
				en,
				Base,
			);
			mainGroup = 2996686120E8E9810022255C;
			productRefGroup = 2996686B20E8E9810022255C /* Products */;
			projectDirPath = "";
			projectRoot = "";
			targets = (
				2996686920E8E9810022255C /* AR-Shooter */,
			);
		};
/* End PBXProject section */

/* Begin PBXResourcesBuildPhase section */
		2996686820E8E9810022255C /* Resources */ = {
			isa = PBXResourcesBuildPhase;
			buildActionMask = 2147483647;
			files = (
				2996687820E8E9850022255C /* LaunchScreen.storyboard in Resources */,
				2996688C20E96A280022255C /* jump.mp3 in Resources */,
				2996687520E8E9850022255C /* Assets.xcassets in Resources */,
				2996688220E8EC3E0022255C /* media.scnassets in Resources */,
				2996687320E8E9810022255C /* Main.storyboard in Resources */,
			);
			runOnlyForDeploymentPostprocessing = 0;
		};
/* End PBXResourcesBuildPhase section */

/* Begin PBXShellScriptBuildPhase section */
		894611BFDA7BCA3175B137A4 /* [CP] Embed Pods Frameworks */ = {
			isa = PBXShellScriptBuildPhase;
			buildActionMask = 2147483647;
			files = (
			);
			inputPaths = (
				"${SRCROOT}/Pods/Target Support Files/Pods-AR-Shooter/Pods-AR-Shooter-frameworks.sh",
				"${BUILT_PRODUCTS_DIR}/Each/Each.framework",
			);
			name = "[CP] Embed Pods Frameworks";
			outputPaths = (
				"${TARGET_BUILD_DIR}/${FRAMEWORKS_FOLDER_PATH}/Each.framework",
			);
			runOnlyForDeploymentPostprocessing = 0;
			shellPath = /bin/sh;
			shellScript = "\"${SRCROOT}/Pods/Target Support Files/Pods-AR-Shooter/Pods-AR-Shooter-frameworks.sh\"\n";
			showEnvVarsInLog = 0;
		};
		A04669939E9FE8CFE6095311 /* [CP] Check Pods Manifest.lock */ = {
			isa = PBXShellScriptBuildPhase;
			buildActionMask = 2147483647;
			files = (
			);
			inputPaths = (
				"${PODS_PODFILE_DIR_PATH}/Podfile.lock",
				"${PODS_ROOT}/Manifest.lock",
			);
			name = "[CP] Check Pods Manifest.lock";
			outputPaths = (
				"$(DERIVED_FILE_DIR)/Pods-AR-Shooter-checkManifestLockResult.txt",
			);
			runOnlyForDeploymentPostprocessing = 0;
			shellPath = /bin/sh;
			shellScript = "diff \"${PODS_PODFILE_DIR_PATH}/Podfile.lock\" \"${PODS_ROOT}/Manifest.lock\" > /dev/null\nif [ $? != 0 ] ; then\n    # print error to STDERR\n    echo \"error: The sandbox is not in sync with the Podfile.lock. Run 'pod install' or update your CocoaPods installation.\" >&2\n    exit 1\nfi\n# This output is used by Xcode 'outputs' to avoid re-running this script phase.\necho \"SUCCESS\" > \"${SCRIPT_OUTPUT_FILE_0}\"\n";
			showEnvVarsInLog = 0;
		};
/* End PBXShellScriptBuildPhase section */

/* Begin PBXSourcesBuildPhase section */
		2996686620E8E9810022255C /* Sources */ = {
			isa = PBXSourcesBuildPhase;
			buildActionMask = 2147483647;
			files = (
				2996687020E8E9810022255C /* ViewController.swift in Sources */,
				2996686E20E8E9810022255C /* AppDelegate.swift in Sources */,
			);
			runOnlyForDeploymentPostprocessing = 0;
		};
/* End PBXSourcesBuildPhase section */

/* Begin PBXVariantGroup section */
		2996687120E8E9810022255C /* Main.storyboard */ = {
			isa = PBXVariantGroup;
			children = (
				2996687220E8E9810022255C /* Base */,
			);
			name = Main.storyboard;
			sourceTree = "<group>";
		};
		2996687620E8E9850022255C /* LaunchScreen.storyboard */ = {
			isa = PBXVariantGroup;
			children = (
				2996687720E8E9850022255C /* Base */,
			);
			name = LaunchScreen.storyboard;
			sourceTree = "<group>";
		};
/* End PBXVariantGroup section */

/* Begin XCBuildConfiguration section */
		2996687A20E8E9850022255C /* Debug */ = {
			isa = XCBuildConfiguration;
			buildSettings = {
				ALWAYS_SEARCH_USER_PATHS = NO;
				CLANG_ANALYZER_NONNULL = YES;
				CLANG_ANALYZER_NUMBER_OBJECT_CONVERSION = YES_AGGRESSIVE;
				CLANG_CXX_LANGUAGE_STANDARD = "gnu++14";
				CLANG_CXX_LIBRARY = "libc++";
				CLANG_ENABLE_MODULES = YES;
				CLANG_ENABLE_OBJC_ARC = YES;
				CLANG_ENABLE_OBJC_WEAK = YES;
				CLANG_WARN_BLOCK_CAPTURE_AUTORELEASING = YES;
				CLANG_WARN_BOOL_CONVERSION = YES;
				CLANG_WARN_COMMA = YES;
				CLANG_WARN_CONSTANT_CONVERSION = YES;
				CLANG_WARN_DEPRECATED_OBJC_IMPLEMENTATIONS = YES;
				CLANG_WARN_DIRECT_OBJC_ISA_USAGE = YES_ERROR;
				CLANG_WARN_DOCUMENTATION_COMMENTS = YES;
				CLANG_WARN_EMPTY_BODY = YES;
				CLANG_WARN_ENUM_CONVERSION = YES;
				CLANG_WARN_INFINITE_RECURSION = YES;
				CLANG_WARN_INT_CONVERSION = YES;
				CLANG_WARN_NON_LITERAL_NULL_CONVERSION = YES;
				CLANG_WARN_OBJC_IMPLICIT_RETAIN_SELF = YES;
				CLANG_WARN_OBJC_LITERAL_CONVERSION = YES;
				CLANG_WARN_OBJC_ROOT_CLASS = YES_ERROR;
				CLANG_WARN_RANGE_LOOP_ANALYSIS = YES;
				CLANG_WARN_STRICT_PROTOTYPES = YES;
				CLANG_WARN_SUSPICIOUS_MOVE = YES;
				CLANG_WARN_UNGUARDED_AVAILABILITY = YES_AGGRESSIVE;
				CLANG_WARN_UNREACHABLE_CODE = YES;
				CLANG_WARN__DUPLICATE_METHOD_MATCH = YES;
				CODE_SIGN_IDENTITY = "iPhone Developer";
				COPY_PHASE_STRIP = NO;
				DEBUG_INFORMATION_FORMAT = dwarf;
				ENABLE_STRICT_OBJC_MSGSEND = YES;
				ENABLE_TESTABILITY = YES;
				GCC_C_LANGUAGE_STANDARD = gnu11;
				GCC_DYNAMIC_NO_PIC = NO;
				GCC_NO_COMMON_BLOCKS = YES;
				GCC_OPTIMIZATION_LEVEL = 0;
				GCC_PREPROCESSOR_DEFINITIONS = (
					"DEBUG=1",
					"$(inherited)",
				);
				GCC_WARN_64_TO_32_BIT_CONVERSION = YES;
				GCC_WARN_ABOUT_RETURN_TYPE = YES_ERROR;
				GCC_WARN_UNDECLARED_SELECTOR = YES;
				GCC_WARN_UNINITIALIZED_AUTOS = YES_AGGRESSIVE;
				GCC_WARN_UNUSED_FUNCTION = YES;
				GCC_WARN_UNUSED_VARIABLE = YES;
				IPHONEOS_DEPLOYMENT_TARGET = 11.4;
				MTL_ENABLE_DEBUG_INFO = YES;
				ONLY_ACTIVE_ARCH = YES;
				SDKROOT = iphoneos;
				SWIFT_ACTIVE_COMPILATION_CONDITIONS = DEBUG;
				SWIFT_OPTIMIZATION_LEVEL = "-Onone";
			};
			name = Debug;
		};
		2996687B20E8E9850022255C /* Release */ = {
			isa = XCBuildConfiguration;
			buildSettings = {
				ALWAYS_SEARCH_USER_PATHS = NO;
				CLANG_ANALYZER_NONNULL = YES;
				CLANG_ANALYZER_NUMBER_OBJECT_CONVERSION = YES_AGGRESSIVE;
				CLANG_CXX_LANGUAGE_STANDARD = "gnu++14";
				CLANG_CXX_LIBRARY = "libc++";
				CLANG_ENABLE_MODULES = YES;
				CLANG_ENABLE_OBJC_ARC = YES;
				CLANG_ENABLE_OBJC_WEAK = YES;
				CLANG_WARN_BLOCK_CAPTURE_AUTORELEASING = YES;
				CLANG_WARN_BOOL_CONVERSION = YES;
				CLANG_WARN_COMMA = YES;
				CLANG_WARN_CONSTANT_CONVERSION = YES;
				CLANG_WARN_DEPRECATED_OBJC_IMPLEMENTATIONS = YES;
				CLANG_WARN_DIRECT_OBJC_ISA_USAGE = YES_ERROR;
				CLANG_WARN_DOCUMENTATION_COMMENTS = YES;
				CLANG_WARN_EMPTY_BODY = YES;
				CLANG_WARN_ENUM_CONVERSION = YES;
				CLANG_WARN_INFINITE_RECURSION = YES;
				CLANG_WARN_INT_CONVERSION = YES;
				CLANG_WARN_NON_LITERAL_NULL_CONVERSION = YES;
				CLANG_WARN_OBJC_IMPLICIT_RETAIN_SELF = YES;
				CLANG_WARN_OBJC_LITERAL_CONVERSION = YES;
				CLANG_WARN_OBJC_ROOT_CLASS = YES_ERROR;
				CLANG_WARN_RANGE_LOOP_ANALYSIS = YES;
				CLANG_WARN_STRICT_PROTOTYPES = YES;
				CLANG_WARN_SUSPICIOUS_MOVE = YES;
				CLANG_WARN_UNGUARDED_AVAILABILITY = YES_AGGRESSIVE;
				CLANG_WARN_UNREACHABLE_CODE = YES;
				CLANG_WARN__DUPLICATE_METHOD_MATCH = YES;
				CODE_SIGN_IDENTITY = "iPhone Developer";
				COPY_PHASE_STRIP = NO;
				DEBUG_INFORMATION_FORMAT = "dwarf-with-dsym";
				ENABLE_NS_ASSERTIONS = NO;
				ENABLE_STRICT_OBJC_MSGSEND = YES;
				GCC_C_LANGUAGE_STANDARD = gnu11;
				GCC_NO_COMMON_BLOCKS = YES;
				GCC_WARN_64_TO_32_BIT_CONVERSION = YES;
				GCC_WARN_ABOUT_RETURN_TYPE = YES_ERROR;
				GCC_WARN_UNDECLARED_SELECTOR = YES;
				GCC_WARN_UNINITIALIZED_AUTOS = YES_AGGRESSIVE;
				GCC_WARN_UNUSED_FUNCTION = YES;
				GCC_WARN_UNUSED_VARIABLE = YES;
				IPHONEOS_DEPLOYMENT_TARGET = 11.4;
				MTL_ENABLE_DEBUG_INFO = NO;
				SDKROOT = iphoneos;
				SWIFT_COMPILATION_MODE = wholemodule;
				SWIFT_OPTIMIZATION_LEVEL = "-O";
				VALIDATE_PRODUCT = YES;
			};
			name = Release;
		};
		2996687D20E8E9850022255C /* Debug */ = {
			isa = XCBuildConfiguration;
			baseConfigurationReference = 9A38D040205BE03E92EAD14C /* Pods-AR-Shooter.debug.xcconfig */;
			buildSettings = {
				ASSETCATALOG_COMPILER_APPICON_NAME = AppIcon;
				CODE_SIGN_STYLE = Automatic;
				DEVELOPMENT_TEAM = NZ34D2LM93;
				INFOPLIST_FILE = "AR-Shooter/Info.plist";
				LD_RUNPATH_SEARCH_PATHS = (
					"$(inherited)",
					"@executable_path/Frameworks",
				);
				PRODUCT_BUNDLE_IDENTIFIER = "com.fluxit.AR-Shooter";
				PRODUCT_NAME = "$(TARGET_NAME)";
				SWIFT_VERSION = 4.0;
				TARGETED_DEVICE_FAMILY = "1,2";
			};
			name = Debug;
		};
		2996687E20E8E9850022255C /* Release */ = {
			isa = XCBuildConfiguration;
			baseConfigurationReference = F819ADC6046304BEDE556297 /* Pods-AR-Shooter.release.xcconfig */;
			buildSettings = {
				ASSETCATALOG_COMPILER_APPICON_NAME = AppIcon;
				CODE_SIGN_STYLE = Automatic;
				DEVELOPMENT_TEAM = NZ34D2LM93;
				INFOPLIST_FILE = "AR-Shooter/Info.plist";
				LD_RUNPATH_SEARCH_PATHS = (
					"$(inherited)",
					"@executable_path/Frameworks",
				);
				PRODUCT_BUNDLE_IDENTIFIER = "com.fluxit.AR-Shooter";
				PRODUCT_NAME = "$(TARGET_NAME)";
				SWIFT_VERSION = 4.0;
				TARGETED_DEVICE_FAMILY = "1,2";
			};
			name = Release;
		};
/* End XCBuildConfiguration section */

/* Begin XCConfigurationList section */
		2996686520E8E9810022255C /* Build configuration list for PBXProject "AR-Shooter" */ = {
			isa = XCConfigurationList;
			buildConfigurations = (
				2996687A20E8E9850022255C /* Debug */,
				2996687B20E8E9850022255C /* Release */,
			);
			defaultConfigurationIsVisible = 0;
			defaultConfigurationName = Release;
		};
		2996687C20E8E9850022255C /* Build configuration list for PBXNativeTarget "AR-Shooter" */ = {
			isa = XCConfigurationList;
			buildConfigurations = (
				2996687D20E8E9850022255C /* Debug */,
				2996687E20E8E9850022255C /* Release */,
			);
			defaultConfigurationIsVisible = 0;
			defaultConfigurationName = Release;
		};
/* End XCConfigurationList section */
	};
	rootObject = 2996686220E8E9810022255C /* Project object */;
}
